# THIS IS AN AUTOGENERATED FILE. DO NOT EDIT THIS FILE DIRECTLY.
# yarn lockfile v1


"@dedot/api@0.7.0":
  version "0.7.0"
  resolved "https://registry.yarnpkg.com/@dedot/api/-/api-0.7.0.tgz#4c061d46d06572311409d92a00afcc3a7a845548"
  integrity sha512-fdkKN4PDPZtZVi6b+05kiaq24lciYrsE1fz139dbxPHI7X2ZvNiJKYM5IQdJ1shIQiat1Zjegei6F1ywrSMuGw==
  dependencies:
    "@dedot/codecs" "0.7.0"
    "@dedot/providers" "0.7.0"
    "@dedot/runtime-specs" "0.7.0"
    "@dedot/shape" "0.7.0"
    "@dedot/storage" "0.7.0"
    "@dedot/types" "0.7.0"
    "@dedot/utils" "0.7.0"

"@dedot/cli@0.7.0":
  version "0.7.0"
  resolved "https://registry.yarnpkg.com/@dedot/cli/-/cli-0.7.0.tgz#c1b910ffe973d85eab2bf0e673545960a26f1668"
  integrity sha512-uQW3we+9BlrLV+zdYZ0KufqY1TH24kUklBN7BpbuTJTyLwQ8PDljdDF8jdF2yq5uPn6srPqy4FD+VDxWF4RSkA==
  dependencies:
    "@dedot/api" "0.7.0"
    "@dedot/codecs" "0.7.0"
    "@dedot/codegen" "0.7.0"
    "@polkadot-api/wasm-executor" "^0.1.2"
    "@polkadot/types-support" "^15.5.2"
    ora "^8.2.0"
    yargs "^17.7.2"

"@dedot/codecs@0.7.0":
  version "0.7.0"
  resolved "https://registry.yarnpkg.com/@dedot/codecs/-/codecs-0.7.0.tgz#758ee3565cef0270b4ee2d580c690af59a695762"
  integrity sha512-dBqYWYbrDqoJ4JSshEO3ajQn9NMrvuNAYioNz0jdd0IWxuTdcykuITp6Z1DTfkWHMg8JHE9VojAj2FOq0nI/DA==
  dependencies:
    "@dedot/shape" "0.7.0"
    "@dedot/utils" "0.7.0"

"@dedot/codegen@0.7.0":
  version "0.7.0"
  resolved "https://registry.yarnpkg.com/@dedot/codegen/-/codegen-0.7.0.tgz#d8fcef3dc2837130f19bc793258ff5463d17b7c2"
  integrity sha512-V6+fjX9doEfRSMVx+5rmIDTJh7G7cr8gSE5qbDD2L7BKgYS1CEzEnGLLpm3FVIfGqIHkHFmidI4uS6Hx+pLrgg==
  dependencies:
    "@dedot/api" "0.7.0"
    "@dedot/codecs" "0.7.0"
    "@dedot/contracts" "0.7.0"
    "@dedot/providers" "0.7.0"
    "@dedot/runtime-specs" "0.7.0"
    "@dedot/shape" "0.7.0"
    "@dedot/types" "0.7.0"
    "@dedot/utils" "0.7.0"
    handlebars "^4.7.8"
    prettier "^3.4.2"

"@dedot/contracts@0.7.0":
  version "0.7.0"
  resolved "https://registry.yarnpkg.com/@dedot/contracts/-/contracts-0.7.0.tgz#0f80a7fb367779fe2b2c2a88645e4e43400df5bf"
  integrity sha512-KigcDDLUyNGWh1qivs4/lwWFtWoGzTAavGirx7xm5niGsZ+afJcA07HmegH3FwNJ/Z2zWT9e2I439rWe9t8S6g==
  dependencies:
    "@dedot/api" "0.7.0"
    "@dedot/codecs" "0.7.0"
    "@dedot/types" "0.7.0"
    "@dedot/utils" "0.7.0"

"@dedot/providers@0.7.0":
  version "0.7.0"
  resolved "https://registry.yarnpkg.com/@dedot/providers/-/providers-0.7.0.tgz#792f5ae99f9d23af72b7a171850d81ccc5958e9b"
  integrity sha512-kQXQfx3FDMSDIv4999sqAuysvimnCTn3gqW+uyTGIJWYFcepn3KeimFA4R0hnQYEBV0PABURDxmrbaq5QDriYw==
  dependencies:
    "@dedot/utils" "0.7.0"
    "@polkadot/x-ws" "^13.3.1"

"@dedot/runtime-specs@0.7.0":
  version "0.7.0"
  resolved "https://registry.yarnpkg.com/@dedot/runtime-specs/-/runtime-specs-0.7.0.tgz#8377badcccac628684be52f53308cc5a9441c770"
  integrity sha512-TP+8u0VDonbEvj51glVbC/cMjXMmJXGqbulb5RqQxcmni+jYgScFMGf5ZKK3gnW9j6p1RG4TcB2HYPH0elOX7g==
  dependencies:
    "@dedot/codecs" "0.7.0"
    "@dedot/shape" "0.7.0"
    "@dedot/types" "0.7.0"

"@dedot/shape@0.7.0":
  version "0.7.0"
  resolved "https://registry.yarnpkg.com/@dedot/shape/-/shape-0.7.0.tgz#e2c497854f463b82fdae8983ed467155a85ded4e"
  integrity sha512-5yMYLXYIhiUWDZQNj3MdG9dChC1beZHHjjnBdC1cbf5l99O+WggoJvGDMh8Sx6NcKf+U2m26NtvhCbgwcZmppQ==
  dependencies:
    "@dedot/utils" "0.7.0"
    deshape "^0.0.1"

"@dedot/storage@0.7.0":
  version "0.7.0"
  resolved "https://registry.yarnpkg.com/@dedot/storage/-/storage-0.7.0.tgz#e80904c015c1fe88ef80a158fdc52c1734050042"
  integrity sha512-tJE5ed/43PnQse41eYxV1Mo5Sk+lNzC012xUdqfZjZXrU41TVv2rrjpTYJtbxveHJ3P9EqdLx+jFLXiqCLmBLw==

"@dedot/types@0.7.0":
  version "0.7.0"
  resolved "https://registry.yarnpkg.com/@dedot/types/-/types-0.7.0.tgz#4f52eccd0d87e12018b864d332e429c0f133aff5"
  integrity sha512-KUU2Qbs+JcVQeQsaa+CsoVwzKPx8ERdlAxeMGWMtXMOYKm1jpjRrXSHqqza3VNONc/7Qv6m6W54XdRCjmDs9JA==
  dependencies:
    "@dedot/codecs" "0.7.0"
    "@dedot/shape" "0.7.0"
    "@dedot/utils" "0.7.0"

"@dedot/utils@0.7.0":
  version "0.7.0"
  resolved "https://registry.yarnpkg.com/@dedot/utils/-/utils-0.7.0.tgz#9572c49a4e28250ad130e1c884c25bec16c45375"
  integrity sha512-3VxoESgo5R6oyFwwtlY8BpxDzUOMKdcSMq81mJ6ECPArm7M7/lyz+eKQ3L7qHLhAq7Ry+i1DFmvIDHEz2mqE9A==
  dependencies:
    "@noble/hashes" "^1.7.1"
    "@scure/base" "^1.2.4"
    eventemitter3 "^5.0.1"

"@emotion/is-prop-valid@1.2.2":
  version "1.2.2"
  resolved "https://registry.yarnpkg.com/@emotion/is-prop-valid/-/is-prop-valid-1.2.2.tgz#d4175076679c6a26faa92b03bb786f9e52612337"
  integrity sha512-uNsoYd37AFmaCdXlg6EYD1KaPOaRWRByMCYzbKUX4+hhMfrxdVSelShywL4JVaAeM/eHUOSprYBQls+/neX3pw==
  dependencies:
    "@emotion/memoize" "^0.8.1"

"@emotion/memoize@^0.8.1":
  version "0.8.1"
  resolved "https://registry.yarnpkg.com/@emotion/memoize/-/memoize-0.8.1.tgz#c1ddb040429c6d21d38cc945fe75c818cfb68e17"
  integrity sha512-W2P2c/VRW1/1tLox0mVUalvnWXxavmv/Oum2aPsRcoDJuob75FC3Y8FbpfLwUegRcxINtGUMPq0tFCvYNTBXNA==

"@emotion/unitless@0.8.1":
  version "0.8.1"
  resolved "https://registry.yarnpkg.com/@emotion/unitless/-/unitless-0.8.1.tgz#182b5a4704ef8ad91bde93f7a860a88fd92c79a3"
  integrity sha512-KOEGMu6dmJZtpadb476IsZBclKvILjopjUii3V+7MnXIQCYh8W3NgNcgwo21n9LXZX6EDIKvqfjYxXebDwxKmQ==

"@noble/hashes@^1.7.1":
  version "1.7.1"
  resolved "https://registry.yarnpkg.com/@noble/hashes/-/hashes-1.7.1.tgz#5738f6d765710921e7a751e00c20ae091ed8db0f"
  integrity sha512-B8XBPsn4vT/KJAGqDzbwztd+6Yte3P4V7iafm24bxgDe/mlRuK6xmWPuCNrKt2vDafZ8MfJLlchDG/vYafQEjQ==

"@polkadot-api/wasm-executor@^0.1.2":
  version "0.1.2"
  resolved "https://registry.yarnpkg.com/@polkadot-api/wasm-executor/-/wasm-executor-0.1.2.tgz#ca78ea848a87275bb9efe2b574e2d58434cb58bd"
  integrity sha512-a5wGenltB3EFPdf72u8ewi6HsUg2qubUAf3ekJprZf24lTK3+w8a/GUF/y6r08LJF35MALZ32SAtLqtVTIOGnQ==

"@polkadot/types-support@^15.5.2":
  version "15.5.2"
  resolved "https://registry.yarnpkg.com/@polkadot/types-support/-/types-support-15.5.2.tgz#e4803279b0fdf62fae3c34503f48b5aadf1513d7"
  integrity sha512-PT3MTSy69euAPtRQ3c2I7vM0OfAIQXU1yIWpYTcEkG+spTn4d0fcYeJjfxvAmcROJlpJoXf10YMsXKwx+gvOig==
  dependencies:
    "@polkadot/util" "^13.3.1"
    tslib "^2.8.1"

"@polkadot/util@^13.3.1":
  version "13.3.1"
  resolved "https://registry.yarnpkg.com/@polkadot/util/-/util-13.3.1.tgz#654b84fd553e7d977007885c23aae98e4ff18114"
  integrity sha512-5crLP/rUZOJzuo/W8t73J8PxpibJ5vrxY57rR6V+mIpCZd1ORiw0wxeHcV5F9Adpn7yJyuGBwxPbueNR5Rr1Zw==
  dependencies:
    "@polkadot/x-bigint" "13.3.1"
    "@polkadot/x-global" "13.3.1"
    "@polkadot/x-textdecoder" "13.3.1"
    "@polkadot/x-textencoder" "13.3.1"
    "@types/bn.js" "^5.1.6"
    bn.js "^5.2.1"
    tslib "^2.8.0"

"@polkadot/x-bigint@13.3.1":
  version "13.3.1"
  resolved "https://registry.yarnpkg.com/@polkadot/x-bigint/-/x-bigint-13.3.1.tgz#2a24633e002fbdde6ca4f2ac9d33b927db583245"
  integrity sha512-ewc708a7LUdrT92v9DsSAIbcJQBn3aR9/LavF/iyMOq5lZJyPXDSjAnskfMs818R3RLCrKVKfs+aKkxt2eqo8g==
  dependencies:
    "@polkadot/x-global" "13.3.1"
    tslib "^2.8.0"

"@polkadot/x-global@13.3.1":
  version "13.3.1"
  resolved "https://registry.yarnpkg.com/@polkadot/x-global/-/x-global-13.3.1.tgz#2537b834ecb239a7fb92004491ddff102f3ebee9"
  integrity sha512-861TeIw49a3JvkwlUWrddfG+JaUqtFZDsemYxxZIjjcRJLrKOsoKNqHbiHi2OPrwlX8PwAA/wc5I9Q4XRQ7KEg==
  dependencies:
    tslib "^2.8.0"

"@polkadot/x-textdecoder@13.3.1":
  version "13.3.1"
  resolved "https://registry.yarnpkg.com/@polkadot/x-textdecoder/-/x-textdecoder-13.3.1.tgz#eb50c2c52d0de9257ebd4623c4098e929e7aa3a6"
  integrity sha512-g2R9O1p0ZsNDhZ3uEBZh6fQaVLlo3yFr0YNqt15v7e9lBI4APvTJ202EINlo2jB5lz/R438/BdjEA3AL+0zUtQ==
  dependencies:
    "@polkadot/x-global" "13.3.1"
    tslib "^2.8.0"

"@polkadot/x-textencoder@13.3.1":
  version "13.3.1"
  resolved "https://registry.yarnpkg.com/@polkadot/x-textencoder/-/x-textencoder-13.3.1.tgz#203a208b03a1336446777c0cc76bf35cf8e685d5"
  integrity sha512-DnHLUdoKDYxekfxopuUuPB+j5Mu7Jemejcduu5gz3/89GP/sYPAu0CAVbq9B+hK1yGjBBj31eA4wkAV1oktYmg==
  dependencies:
    "@polkadot/x-global" "13.3.1"
    tslib "^2.8.0"

"@polkadot/x-ws@^13.3.1":
  version "13.3.1"
  resolved "https://registry.yarnpkg.com/@polkadot/x-ws/-/x-ws-13.3.1.tgz#05b0664991e24ffd62f5af91c9280dcb544c0613"
  integrity sha512-ytqkC7FwVs4BlzNFAmPMFp+xD1KIdMMP/mvCSOrnxjlsyM5DVGop4x4c2ZgDUBmrFqmIiVkWDfMIZeOxui2OLQ==
  dependencies:
    "@polkadot/x-global" "13.3.1"
    tslib "^2.8.0"
    ws "^8.18.0"

"@scure/base@^1.2.4":
  version "1.2.4"
  resolved "https://registry.yarnpkg.com/@scure/base/-/base-1.2.4.tgz#002eb571a35d69bdb4c214d0995dff76a8dcd2a9"
  integrity sha512-5Yy9czTO47mqz+/J8GM6GIId4umdCk1wc1q8rKERQulIoc8VP9pzDcghv10Tl2E7R96ZUx/PhND3ESYUQX8NuQ==

"@types/bn.js@^5.1.6":
  version "5.1.6"
  resolved "https://registry.yarnpkg.com/@types/bn.js/-/bn.js-5.1.6.tgz#9ba818eec0c85e4d3c679518428afdf611d03203"
  integrity sha512-Xh8vSwUeMKeYYrj3cX4lGQgFSF/N03r+tv4AiLl1SucqV+uTQpxRcnM8AkXKHwYP9ZPXOYXRr2KPXpVlIvqh9w==
  dependencies:
    "@types/node" "*"

"@types/node@*":
  version "22.13.4"
  resolved "https://registry.yarnpkg.com/@types/node/-/node-22.13.4.tgz#3fe454d77cd4a2d73c214008b3e331bfaaf5038a"
  integrity sha512-ywP2X0DYtX3y08eFVx5fNIw7/uIv8hYUKgXoK8oayJlLnKcRfEYCxWMVE1XagUdVtCJlZT1AU4LXEABW+L1Peg==
  dependencies:
    undici-types "~6.20.0"

"@types/prop-types@*":
  version "15.7.14"
  resolved "https://registry.yarnpkg.com/@types/prop-types/-/prop-types-15.7.14.tgz#1433419d73b2a7ebfc6918dcefd2ec0d5cd698f2"
  integrity sha512-gNMvNH49DJ7OJYv+KAKn0Xp45p8PLl6zo2YnvDIbTd4J6MER2BmWN49TG7n9LvkyihINxeKW8+3bfS2yDC9dzQ==

"@types/react-copy-to-clipboard@^5.0.7":
  version "5.0.7"
  resolved "https://registry.yarnpkg.com/@types/react-copy-to-clipboard/-/react-copy-to-clipboard-5.0.7.tgz#0cb724d4228f1c2f8f5675671b3971c8801d5f45"
  integrity sha512-Gft19D+as4M+9Whq1oglhmK49vqPhcLzk8WfvfLvaYMIPYanyfLy0+CwFucMJfdKoSFyySPmkkWn8/E6voQXjQ==
  dependencies:
    "@types/react" "*"

"@types/react-dom@^18.2.18":
  version "18.3.5"
  resolved "https://registry.yarnpkg.com/@types/react-dom/-/react-dom-18.3.5.tgz#45f9f87398c5dcea085b715c58ddcf1faf65f716"
  integrity sha512-P4t6saawp+b/dFrUr2cvkVsfvPguwsxtH6dNIYRllMsefqFzkZk5UIjzyDOv5g1dXIPdG4Sp1yCR4Z6RCUsG/Q==

"@types/react@*":
  version "19.0.9"
  resolved "https://registry.yarnpkg.com/@types/react/-/react-19.0.9.tgz#675255eb7d978bdaf71f9d08f6b740d41b0b7f32"
  integrity sha512-FedNTYgmMwSZmD1Sru/W1gJKuiYCN/3SuBkmZkcxX+FpO5zL76B22A9YNfAKg4HQO3Neh/30AiynP6BELdU0qQ==
  dependencies:
    csstype "^3.0.2"

"@types/react@^18.3.18":
  version "18.3.18"
  resolved "https://registry.yarnpkg.com/@types/react/-/react-18.3.18.tgz#9b382c4cd32e13e463f97df07c2ee3bbcd26904b"
  integrity sha512-t4yC+vtgnkYjNSKlFx1jkAhH8LgTo2N/7Qvi83kdEaUtMDiwpbLAktKDaAMlRcJ5eSxZkH74eEGt1ky31d7kfQ==
  dependencies:
    "@types/prop-types" "*"
    csstype "^3.0.2"

"@types/stylis@4.2.5":
  version "4.2.5"
  resolved "https://registry.yarnpkg.com/@types/stylis/-/stylis-4.2.5.tgz#1daa6456f40959d06157698a653a9ab0a70281df"
  integrity sha512-1Xve+NMN7FWjY14vLoY5tL3BVEQ/n42YLwaqJIPYhotZ9uBHt87VceMwWQpzmdEt2TNXIorIFG+YeCUUW7RInw==

ansi-regex@^5.0.1:
  version "5.0.1"
  resolved "https://registry.yarnpkg.com/ansi-regex/-/ansi-regex-5.0.1.tgz#082cb2c89c9fe8659a311a53bd6a4dc5301db304"
  integrity sha512-quJQXlTSUGL2LH9SUXo8VwsY4soanhgo6LNSm84E1LBcE8s3O0wpdiRzyR9z/ZZJMlMWv37qOOb9pdJlMUEKFQ==

ansi-regex@^6.0.1:
  version "6.1.0"
  resolved "https://registry.yarnpkg.com/ansi-regex/-/ansi-regex-6.1.0.tgz#95ec409c69619d6cb1b8b34f14b660ef28ebd654"
  integrity sha512-7HSX4QQb4CspciLpVFwyRe79O3xsIZDDLER21kERQ71oaPodF8jL725AgJMFAYbooIqolJoRLuM81SpeUkpkvA==

ansi-styles@^4.0.0:
  version "4.3.0"
  resolved "https://registry.yarnpkg.com/ansi-styles/-/ansi-styles-4.3.0.tgz#edd803628ae71c04c85ae7a0906edad34b648937"
  integrity sha512-zbB9rCJAT1rbjiVDb2hqKFHNYLxgtk8NURxZ3IZwD3F6NtxbXZQCnnSi1Lkx+IDohdPlFp222wVALIheZJQSEg==
  dependencies:
    color-convert "^2.0.1"

bn.js@^5.2.1:
  version "5.2.1"
  resolved "https://registry.yarnpkg.com/bn.js/-/bn.js-5.2.1.tgz#0bc527a6a0d18d0aa8d5b0538ce4a77dccfa7b70"
  integrity sha512-eXRvHzWyYPBuB4NBy0cmYQjGitUrtqwbvlzP3G6VFnNRbsZQIxQ10PbKKHt8gZ/HW/D/747aDl+QkDqg3KQLMQ==

camelize@^1.0.0:
  version "1.0.1"
  resolved "https://registry.yarnpkg.com/camelize/-/camelize-1.0.1.tgz#89b7e16884056331a35d6b5ad064332c91daa6c3"
  integrity sha512-dU+Tx2fsypxTgtLoE36npi3UqcjSSMNYfkqgmoEhtZrraP5VWq0K7FkWVTYa8eMPtnU/G2txVsfdCJTn9uzpuQ==

canvas-renderer@~2.2.0:
  version "2.2.1"
  resolved "https://registry.yarnpkg.com/canvas-renderer/-/canvas-renderer-2.2.1.tgz#c1d131f78a9799aca8af9679ad0a005052b65550"
  integrity sha512-RrBgVL5qCEDIXpJ6NrzyRNoTnXxYarqm/cS/W6ERhUJts5UQtt/XPEosGN3rqUkZ4fjBArlnCbsISJ+KCFnIAg==
  dependencies:
    "@types/node" "*"

chalk@^5.3.0:
  version "5.4.1"
  resolved "https://registry.yarnpkg.com/chalk/-/chalk-5.4.1.tgz#1b48bf0963ec158dce2aacf69c093ae2dd2092d8"
  integrity sha512-zgVZuo2WcZgfUEmsn6eO3kINexW8RAE4maiQ8QNs8CtpPCSyMiYsULR3HQYkm3w8FIA3SberyMJMSldGsW+U3w==

cli-cursor@^5.0.0:
  version "5.0.0"
  resolved "https://registry.yarnpkg.com/cli-cursor/-/cli-cursor-5.0.0.tgz#24a4831ecf5a6b01ddeb32fb71a4b2088b0dce38"
  integrity sha512-aCj4O5wKyszjMmDT4tZj93kxyydN/K5zPWSCe6/0AV/AA1pqe5ZBIw0a2ZfPQV7lL5/yb5HsUreJ6UFAF1tEQw==
  dependencies:
    restore-cursor "^5.0.0"

cli-spinners@^2.9.2:
  version "2.9.2"
  resolved "https://registry.yarnpkg.com/cli-spinners/-/cli-spinners-2.9.2.tgz#1773a8f4b9c4d6ac31563df53b3fc1d79462fe41"
  integrity sha512-ywqV+5MmyL4E7ybXgKys4DugZbX0FC6LnwrhjuykIjnK9k8OQacQ7axGKnjDXWNhns0xot3bZI5h55H8yo9cJg==

cliui@^8.0.1:
  version "8.0.1"
  resolved "https://registry.yarnpkg.com/cliui/-/cliui-8.0.1.tgz#0c04b075db02cbfe60dc8e6cf2f5486b1a3608aa"
  integrity sha512-BSeNnyus75C4//NQ9gQt1/csTXyo/8Sb+afLAkzAptFuMsod9HFokGNudZpi/oQV73hnVK+sR+5PVRMd+Dr7YQ==
  dependencies:
    string-width "^4.2.0"
    strip-ansi "^6.0.1"
    wrap-ansi "^7.0.0"

color-convert@^2.0.1:
  version "2.0.1"
  resolved "https://registry.yarnpkg.com/color-convert/-/color-convert-2.0.1.tgz#72d3a68d598c9bdb3af2ad1e84f21d896abd4de3"
  integrity sha512-RRECPsj7iu/xb5oKYcsFHSppFNnsj/52OVTRKb4zP5onXwVF3zVmmToNcOfGC+CRDpfK/U584fMg38ZHCaElKQ==
  dependencies:
    color-name "~1.1.4"

color-name@~1.1.4:
  version "1.1.4"
  resolved "https://registry.yarnpkg.com/color-name/-/color-name-1.1.4.tgz#c2a09a87acbde69543de6f63fa3995c826c536a2"
  integrity sha512-dOy+3AuW3a2wNbZHIuMZpTcgjGuLU/uBL/ubcZF9OXbDo8ff4O8yVp5Bf0efS8uEoYo5q4Fx7dY9OgQGXgAsQA==

copy-to-clipboard@^3.3.1:
  version "3.3.3"
  resolved "https://registry.yarnpkg.com/copy-to-clipboard/-/copy-to-clipboard-3.3.3.tgz#55ac43a1db8ae639a4bd99511c148cdd1b83a1b0"
  integrity sha512-2KV8NhB5JqC3ky0r9PMCAZKbUHSwtEo4CwCs0KXgruG43gX5PMqDEBbVU4OUzw2MuAWUfsuFmWvEKG5QRfSnJA==
  dependencies:
    toggle-selection "^1.0.6"

css-color-keywords@^1.0.0:
  version "1.0.0"
  resolved "https://registry.yarnpkg.com/css-color-keywords/-/css-color-keywords-1.0.0.tgz#fea2616dc676b2962686b3af8dbdbe180b244e05"
  integrity sha512-FyyrDHZKEjXDpNJYvVsV960FiqQyXc/LlYmsxl2BcdMb2WPx0OGRVgTg55rPSyLSNMqP52R9r8geSp7apN3Ofg==

css-to-react-native@3.2.0:
  version "3.2.0"
  resolved "https://registry.yarnpkg.com/css-to-react-native/-/css-to-react-native-3.2.0.tgz#cdd8099f71024e149e4f6fe17a7d46ecd55f1e32"
  integrity sha512-e8RKaLXMOFii+02mOlqwjbD00KSEKqblnpO9e++1aXS1fPQOpS1YoqdVHBqPjHNoxeF2mimzVqawm2KCbEdtHQ==
  dependencies:
    camelize "^1.0.0"
    css-color-keywords "^1.0.0"
    postcss-value-parser "^4.0.2"

csstype@3.1.3, csstype@^3.0.2:
  version "3.1.3"
  resolved "https://registry.yarnpkg.com/csstype/-/csstype-3.1.3.tgz#d80ff294d114fb0e6ac500fbf85b60137d7eff81"
  integrity sha512-M1uQkMl8rQK/szD0LNhtqxIPLpimGm8sOBwU7lLnCpSbTyY3yeU1Vc7l4KT5zT4s/yOxHH5O7tIuuLOCnLADRw==

dedot@^0.7.0:
  version "0.7.0"
  resolved "https://registry.yarnpkg.com/dedot/-/dedot-0.7.0.tgz#02abd8120df47786f860d06a59ec9b0fe4262155"
  integrity sha512-pCAG50A2/t3OSelPwUdPkdn1b+T8OUlpBFOlEhymqYONXrm6LXOJmRjtwvRAnyCi/Yp0cPppr86U4eiXQlVzXw==
  dependencies:
    "@dedot/api" "0.7.0"
    "@dedot/cli" "0.7.0"
    "@dedot/codecs" "0.7.0"
    "@dedot/contracts" "0.7.0"
    "@dedot/providers" "0.7.0"
    "@dedot/runtime-specs" "0.7.0"
    "@dedot/shape" "0.7.0"
    "@dedot/types" "0.7.0"
    "@dedot/utils" "0.7.0"

deshape@^0.0.1:
  version "0.0.1"
  resolved "https://registry.yarnpkg.com/deshape/-/deshape-0.0.1.tgz#2a9442c88bdaddf23297112e1e576bd504a40496"
  integrity sha512-ZwrsnoB4t0gu0NOANDAh4Eww8X8CaQ6yHSjhO4Fi4D9PAX/NmPsTevGirXzTz/+VArJcMf4fO78iQdedDIWrdA==

emoji-regex@^10.3.0:
  version "10.4.0"
  resolved "https://registry.yarnpkg.com/emoji-regex/-/emoji-regex-10.4.0.tgz#03553afea80b3975749cfcb36f776ca268e413d4"
  integrity sha512-EC+0oUMY1Rqm4O6LLrgjtYDvcVYTy7chDnM4Q7030tP4Kwj3u/pR6gP9ygnp2CJMK5Gq+9Q2oqmrFJAz01DXjw==

emoji-regex@^8.0.0:
  version "8.0.0"
  resolved "https://registry.yarnpkg.com/emoji-regex/-/emoji-regex-8.0.0.tgz#e818fd69ce5ccfcb404594f842963bf53164cc37"
  integrity sha512-MSjYzcWNOA0ewAHpz0MxpYFvwg6yjy1NG3xteoqz644VCo/RPgnr1/GGt+ic3iJTzQ8Eu3TdM14SawnVUmGE6A==

escalade@^3.1.1:
  version "3.2.0"
  resolved "https://registry.yarnpkg.com/escalade/-/escalade-3.2.0.tgz#011a3f69856ba189dffa7dc8fcce99d2a87903e5"
  integrity sha512-WUj2qlxaQtO4g6Pq5c29GTcWGDyd8itL8zTlipgECz3JesAiiOKotd8JU6otB3PACgG6xkJUyVhboMS+bje/jA==

ethereum-blockies-base64@^1.0.2:
  version "1.0.2"
  resolved "https://registry.yarnpkg.com/ethereum-blockies-base64/-/ethereum-blockies-base64-1.0.2.tgz#4aebca52142bf4d16a3144e6e2b59303e39ed2b3"
  integrity sha512-Vg2HTm7slcWNKaRhCUl/L3b4KrB8ohQXdd5Pu3OI897EcR6tVRvUqdTwAyx+dnmoDzj8e2bwBLDQ50ByFmcz6w==
  dependencies:
    pnglib "0.0.1"

eventemitter3@^5.0.1:
  version "5.0.1"
  resolved "https://registry.yarnpkg.com/eventemitter3/-/eventemitter3-5.0.1.tgz#53f5ffd0a492ac800721bb42c66b841de96423c4"
  integrity sha512-GWkBvjiSZK87ELrYOSESUYeVIc9mvLLf/nXalMOS5dYrgZq9o5OVkbZAVM06CVxYsCwH9BDZFPlQTlPA1j4ahA==

get-caller-file@^2.0.5:
  version "2.0.5"
  resolved "https://registry.yarnpkg.com/get-caller-file/-/get-caller-file-2.0.5.tgz#4f94412a82db32f36e3b0b9741f8a97feb031f7e"
  integrity sha512-DyFP3BM/3YHTQOCUL/w0OZHR0lpKeGrxotcHWcqNEdnltqFwXVfhEBQ94eIo34AfQpo0rGki4cyIiftY06h2Fg==

get-east-asian-width@^1.0.0:
  version "1.3.0"
  resolved "https://registry.yarnpkg.com/get-east-asian-width/-/get-east-asian-width-1.3.0.tgz#21b4071ee58ed04ee0db653371b55b4299875389"
  integrity sha512-vpeMIQKxczTD/0s2CdEWHcb0eeJe6TFjxb+J5xgX7hScxqrGuyjmv4c1D4A/gelKfyox0gJJwIHF+fLjeaM8kQ==

handlebars@^4.7.8:
  version "4.7.8"
  resolved "https://registry.yarnpkg.com/handlebars/-/handlebars-4.7.8.tgz#41c42c18b1be2365439188c77c6afae71c0cd9e9"
  integrity sha512-vafaFqs8MZkRrSX7sFVUdo3ap/eNiLnb4IakshzvP56X5Nr1iGKAIqdX6tMlm6HcNRIkr6AxO5jFEoJzzpT8aQ==
  dependencies:
    minimist "^1.2.5"
    neo-async "^2.6.2"
    source-map "^0.6.1"
    wordwrap "^1.0.0"
  optionalDependencies:
    uglify-js "^3.1.4"

is-fullwidth-code-point@^3.0.0:
  version "3.0.0"
  resolved "https://registry.yarnpkg.com/is-fullwidth-code-point/-/is-fullwidth-code-point-3.0.0.tgz#f116f8064fe90b3f7844a38997c0b75051269f1d"
  integrity sha512-zymm5+u+sCsSWyD9qNaejV3DFvhCKclKdizYaJUuHA83RLjb7nSuGnddCHGv0hk+KY7BMAlsWeK4Ueg6EV6XQg==

is-interactive@^2.0.0:
  version "2.0.0"
  resolved "https://registry.yarnpkg.com/is-interactive/-/is-interactive-2.0.0.tgz#40c57614593826da1100ade6059778d597f16e90"
  integrity sha512-qP1vozQRI+BMOPcjFzrjXuQvdak2pHNUMZoeG2eRbiSqyvbEf/wQtEOTOX1guk6E3t36RkaqiSt8A/6YElNxLQ==

is-unicode-supported@^1.3.0:
  version "1.3.0"
  resolved "https://registry.yarnpkg.com/is-unicode-supported/-/is-unicode-supported-1.3.0.tgz#d824984b616c292a2e198207d4a609983842f714"
  integrity sha512-43r2mRvz+8JRIKnWJ+3j8JtjRKZ6GmjzfaE/qiBJnikNnYv/6bagRJ1kUhNk8R5EX/GkobD+r+sfxCPJsiKBLQ==

is-unicode-supported@^2.0.0:
  version "2.1.0"
  resolved "https://registry.yarnpkg.com/is-unicode-supported/-/is-unicode-supported-2.1.0.tgz#09f0ab0de6d3744d48d265ebb98f65d11f2a9b3a"
  integrity sha512-mE00Gnza5EEB3Ds0HfMyllZzbBrmLOX3vfWoj9A9PEnTfratQ/BcaJOuMhnkhjXvb2+FkY3VuHqtAGpTPmglFQ==

jdenticon@3.2.0:
  version "3.2.0"
  resolved "https://registry.yarnpkg.com/jdenticon/-/jdenticon-3.2.0.tgz#b5b9ef413cb66f70c600d6e69a764c977f248a46"
  integrity sha512-z6Iq3fTODUMSOiR2nNYrqigS6Y0GvdXfyQWrUby7htDHvX7GNEwaWR4hcaL+FmhEgBe08Xkup/BKxXQhDJByPA==
  dependencies:
    canvas-renderer "~2.2.0"

"js-tokens@^3.0.0 || ^4.0.0":
  version "4.0.0"
  resolved "https://registry.yarnpkg.com/js-tokens/-/js-tokens-4.0.0.tgz#19203fb59991df98e3a287050d4647cdeaf32499"
  integrity sha512-RdJUflcE3cUzKiMqQgsCu06FPu9UdIJO0beYbPhHN4k6apgJtifcoCtT9bcxOpYBtpD2kCM6Sbzg4CausW/PKQ==

log-symbols@^6.0.0:
  version "6.0.0"
  resolved "https://registry.yarnpkg.com/log-symbols/-/log-symbols-6.0.0.tgz#bb95e5f05322651cac30c0feb6404f9f2a8a9439"
  integrity sha512-i24m8rpwhmPIS4zscNzK6MSEhk0DUWa/8iYQWxhffV8jkI4Phvs3F+quL5xvS0gdQR0FyTCMMH33Y78dDTzzIw==
  dependencies:
    chalk "^5.3.0"
    is-unicode-supported "^1.3.0"

loose-envify@^1.1.0, loose-envify@^1.4.0:
  version "1.4.0"
  resolved "https://registry.yarnpkg.com/loose-envify/-/loose-envify-1.4.0.tgz#71ee51fa7be4caec1a63839f7e682d8132d30caf"
  integrity sha512-lyuxPGr/Wfhrlem2CL/UcnUc1zcqKAImBDzukY7Y5F/yQiNdko6+fRLevlw1HgMySw7f611UIY408EtxRSoK3Q==
  dependencies:
    js-tokens "^3.0.0 || ^4.0.0"

mimic-function@^5.0.0:
  version "5.0.1"
  resolved "https://registry.yarnpkg.com/mimic-function/-/mimic-function-5.0.1.tgz#acbe2b3349f99b9deaca7fb70e48b83e94e67076"
  integrity sha512-VP79XUPxV2CigYP3jWwAUFSku2aKqBH7uTAapFWCBqutsbmDo96KY5o8uh6U+/YSIn5OxJnXp73beVkpqMIGhA==

minimist@^1.2.5:
  version "1.2.8"
  resolved "https://registry.yarnpkg.com/minimist/-/minimist-1.2.8.tgz#c1a464e7693302e082a075cee0c057741ac4772c"
  integrity sha512-2yyAR8qBkN3YuheJanUpWC5U3bb5osDywNB8RzDVlDwDHbocAJveqqj1u8+SVD7jkWT4yvsHCpWqqWqAxb0zCA==

nanoid@^3.3.7:
  version "3.3.8"
  resolved "https://registry.yarnpkg.com/nanoid/-/nanoid-3.3.8.tgz#b1be3030bee36aaff18bacb375e5cce521684baf"
  integrity sha512-WNLf5Sd8oZxOm+TzppcYk8gVOgP+l58xNy58D0nbUnOxOWRWvlcCV4kUF7ltmI6PsrLl/BgKEyS4mqsGChFN0w==

neo-async@^2.6.2:
  version "2.6.2"
  resolved "https://registry.yarnpkg.com/neo-async/-/neo-async-2.6.2.tgz#b4aafb93e3aeb2d8174ca53cf163ab7d7308305f"
  integrity sha512-Yd3UES5mWCSqR+qNT93S3UoYUkqAZ9lLg8a7g9rimsWmYGK8cVToA4/sF3RrshdyV3sAGMXVUmpMYOw+dLpOuw==

object-assign@^4.1.1:
  version "4.1.1"
  resolved "https://registry.yarnpkg.com/object-assign/-/object-assign-4.1.1.tgz#2109adc7965887cfc05cbbd442cac8bfbb360863"
  integrity sha512-rJgTQnkUnH1sFw8yT6VSU3zD3sWmu6sZhIseY8VX+GRu3P6F7Fu+JNDoXfklElbLJSnc3FUQHVe4cU5hj+BcUg==

onetime@^7.0.0:
  version "7.0.0"
  resolved "https://registry.yarnpkg.com/onetime/-/onetime-7.0.0.tgz#9f16c92d8c9ef5120e3acd9dd9957cceecc1ab60"
  integrity sha512-VXJjc87FScF88uafS3JllDgvAm+c/Slfz06lorj2uAY34rlUu0Nt+v8wreiImcrgAjjIHp1rXpTDlLOGw29WwQ==
  dependencies:
    mimic-function "^5.0.0"

ora@^8.2.0:
  version "8.2.0"
  resolved "https://registry.yarnpkg.com/ora/-/ora-8.2.0.tgz#8fbbb7151afe33b540dd153f171ffa8bd38e9861"
  integrity sha512-weP+BZ8MVNnlCm8c0Qdc1WSWq4Qn7I+9CJGm7Qali6g44e/PUzbjNqJX5NJ9ljlNMosfJvg1fKEGILklK9cwnw==
  dependencies:
    chalk "^5.3.0"
    cli-cursor "^5.0.0"
    cli-spinners "^2.9.2"
    is-interactive "^2.0.0"
    is-unicode-supported "^2.0.0"
    log-symbols "^6.0.0"
    stdin-discarder "^0.2.2"
    string-width "^7.2.0"
    strip-ansi "^7.1.0"

picocolors@^1.1.1:
  version "1.1.1"
  resolved "https://registry.yarnpkg.com/picocolors/-/picocolors-1.1.1.tgz#3d321af3eab939b083c8f929a1d12cda81c26b6b"
  integrity sha512-xceH2snhtb5M9liqDsmEw56le376mTZkEX/jEb/RxNFyegNul7eNslCXP9FDj/Lcu0X8KEyMceP2ntpaHrDEVA==

pnglib@0.0.1:
  version "0.0.1"
  resolved "https://registry.yarnpkg.com/pnglib/-/pnglib-0.0.1.tgz#f9ab6f9c688f4a9d579ad8be28878a716e30c096"
  integrity sha512-95ChzOoYLOPIyVmL+Y6X+abKGXUJlvOVLkB1QQkyXl7Uczc6FElUy/x01NS7r2GX6GRezloO/ecCX9h4U9KadA==

postcss-value-parser@^4.0.2:
  version "4.2.0"
  resolved "https://registry.yarnpkg.com/postcss-value-parser/-/postcss-value-parser-4.2.0.tgz#723c09920836ba6d3e5af019f92bc0971c02e514"
  integrity sha512-1NNCs6uurfkVbeXG4S8JFT9t19m45ICnif8zWLd5oPSZ50QnwMfK+H3jv408d4jw/7Bttv5axS5IiHoLaVNHeQ==

postcss@8.4.49:
  version "8.4.49"
  resolved "https://registry.yarnpkg.com/postcss/-/postcss-8.4.49.tgz#4ea479048ab059ab3ae61d082190fabfd994fe19"
  integrity sha512-OCVPnIObs4N29kxTjzLfUryOkvZEq+pf8jTF0lg8E7uETuWHA+v7j3c/xJmiqpX450191LlmZfUKkXxkTry7nA==
  dependencies:
    nanoid "^3.3.7"
    picocolors "^1.1.1"
    source-map-js "^1.2.1"

prettier@^3.4.2:
  version "3.5.1"
  resolved "https://registry.yarnpkg.com/prettier/-/prettier-3.5.1.tgz#22fac9d0b18c0b92055ac8fb619ac1c7bef02fb7"
  integrity sha512-hPpFQvHwL3Qv5AdRvBFMhnKo4tYxp0ReXiPn2bxkiohEX6mBeBwEpBSQTkD458RaaDKQMYSp4hX4UtfUTA5wDw==

prop-types@^15.8.1:
  version "15.8.1"
  resolved "https://registry.yarnpkg.com/prop-types/-/prop-types-15.8.1.tgz#67d87bf1a694f48435cf332c24af10214a3140b5"
  integrity sha512-oj87CgZICdulUohogVAR7AjlC0327U4el4L6eAvOqCeudMDVU0NThNaV+b9Df4dXgSP1gXMTnPdhfe/2qDH5cg==
  dependencies:
    loose-envify "^1.4.0"
    object-assign "^4.1.1"
    react-is "^16.13.1"

react-copy-to-clipboard@^5.1.0:
  version "5.1.0"
  resolved "https://registry.yarnpkg.com/react-copy-to-clipboard/-/react-copy-to-clipboard-5.1.0.tgz#09aae5ec4c62750ccb2e6421a58725eabc41255c"
  integrity sha512-k61RsNgAayIJNoy9yDsYzDe/yAZAzEbEgcz3DZMhF686LEyukcE1hzurxe85JandPUG+yTfGVFzuEw3xt8WP/A==
  dependencies:
    copy-to-clipboard "^3.3.1"
    prop-types "^15.8.1"

react-dom@^18.3.1:
  version "18.3.1"
  resolved "https://registry.yarnpkg.com/react-dom/-/react-dom-18.3.1.tgz#c2265d79511b57d479b3dd3fdfa51536494c5cb4"
  integrity sha512-5m4nQKp+rZRb09LNH59GM4BxTh9251/ylbKIbpe7TpGxfJ+9kv6BLkLBXIjjspbgbnIBNqlI23tRnTWT0snUIw==
  dependencies:
    loose-envify "^1.1.0"
    scheduler "^0.23.2"

react-is@^16.13.1:
  version "16.13.1"
  resolved "https://registry.yarnpkg.com/react-is/-/react-is-16.13.1.tgz#789729a4dc36de2999dc156dd6c1d9c18cea56a4"
  integrity sha512-24e6ynE2H+OKt4kqsOvNd8kBpV65zoxbA4BVsEOB3ARVWQki/DHzaUoC5KuON/BiccDaCCTZBuOcfZs70kR8bQ==

react@^18.3.1:
  version "18.3.1"
  resolved "https://registry.yarnpkg.com/react/-/react-18.3.1.tgz#49ab892009c53933625bd16b2533fc754cab2891"
  integrity sha512-wS+hAgJShR0KhEvPJArfuPVN1+Hz1t0Y6n5jLrGQbkb4urgPE/0Rve+1kMB1v/oWgHgm4WIcV+i7F2pTVj+2iQ==
  dependencies:
    loose-envify "^1.1.0"

require-directory@^2.1.1:
  version "2.1.1"
  resolved "https://registry.yarnpkg.com/require-directory/-/require-directory-2.1.1.tgz#8c64ad5fd30dab1c976e2344ffe7f792a6a6df42"
  integrity sha512-fGxEI7+wsG9xrvdjsrlmL22OMTTiHRwAMroiEeMgq8gzoLC/PQr7RsRDSTLUg/bZAZtF+TVIkHc6/4RIKrui+Q==

restore-cursor@^5.0.0:
  version "5.1.0"
  resolved "https://registry.yarnpkg.com/restore-cursor/-/restore-cursor-5.1.0.tgz#0766d95699efacb14150993f55baf0953ea1ebe7"
  integrity sha512-oMA2dcrw6u0YfxJQXm342bFKX/E4sG9rbTzO9ptUcR/e8A33cHuvStiYOwH7fszkZlZ1z/ta9AAoPk2F4qIOHA==
  dependencies:
    onetime "^7.0.0"
    signal-exit "^4.1.0"

scheduler@^0.23.2:
  version "0.23.2"
  resolved "https://registry.yarnpkg.com/scheduler/-/scheduler-0.23.2.tgz#414ba64a3b282892e944cf2108ecc078d115cdc3"
  integrity sha512-UOShsPwz7NrMUqhR6t0hWjFduvOzbtv7toDH1/hIrfRNIDBnnBWd0CwJTGvTpngVlmwGCdP9/Zl/tVrDqcuYzQ==
  dependencies:
    loose-envify "^1.1.0"

shallowequal@1.1.0:
  version "1.1.0"
  resolved "https://registry.yarnpkg.com/shallowequal/-/shallowequal-1.1.0.tgz#188d521de95b9087404fd4dcb68b13df0ae4e7f8"
  integrity sha512-y0m1JoUZSlPAjXVtPPW70aZWfIL/dSP7AFkRnniLCrK/8MDKog3TySTBmckD+RObVxH0v4Tox67+F14PdED2oQ==

signal-exit@^4.1.0:
  version "4.1.0"
  resolved "https://registry.yarnpkg.com/signal-exit/-/signal-exit-4.1.0.tgz#952188c1cbd546070e2dd20d0f41c0ae0530cb04"
  integrity sha512-bzyZ1e88w9O1iNJbKnOlvYTrWPDl46O1bG0D3XInv+9tkPrxrN8jUUTiFlDkkmKWgn1M6CfIA13SuGqOa9Korw==

source-map-js@^1.2.1:
  version "1.2.1"
  resolved "https://registry.yarnpkg.com/source-map-js/-/source-map-js-1.2.1.tgz#1ce5650fddd87abc099eda37dcff024c2667ae46"
  integrity sha512-UXWMKhLOwVKb728IUtQPXxfYU+usdybtUrK/8uGE8CQMvrhOpwvzDBwj0QhSL7MQc7vIsISBG8VQ8+IDQxpfQA==

source-map@^0.6.1:
  version "0.6.1"
  resolved "https://registry.yarnpkg.com/source-map/-/source-map-0.6.1.tgz#74722af32e9614e9c287a8d0bbde48b5e2f1a263"
  integrity sha512-UjgapumWlbMhkBgzT7Ykc5YXUT46F0iKu8SGXq0bcwP5dz/h0Plj6enJqjz1Zbq2l5WaqYnrVbwWOWMyF3F47g==

stdin-discarder@^0.2.2:
  version "0.2.2"
  resolved "https://registry.yarnpkg.com/stdin-discarder/-/stdin-discarder-0.2.2.tgz#390037f44c4ae1a1ae535c5fe38dc3aba8d997be"
  integrity sha512-UhDfHmA92YAlNnCfhmq0VeNL5bDbiZGg7sZ2IvPsXubGkiNa9EC+tUTsjBRsYUAz87btI6/1wf4XoVvQ3uRnmQ==

string-width@^4.1.0, string-width@^4.2.0, string-width@^4.2.3:
  version "4.2.3"
  resolved "https://registry.yarnpkg.com/string-width/-/string-width-4.2.3.tgz#269c7117d27b05ad2e536830a8ec895ef9c6d010"
  integrity sha512-wKyQRQpjJ0sIp62ErSZdGsjMJWsap5oRNihHhu6G7JVO/9jIB6UyevL+tXuOqrng8j/cxKTWyWUwvSTriiZz/g==
  dependencies:
    emoji-regex "^8.0.0"
    is-fullwidth-code-point "^3.0.0"
    strip-ansi "^6.0.1"

string-width@^7.2.0:
  version "7.2.0"
  resolved "https://registry.yarnpkg.com/string-width/-/string-width-7.2.0.tgz#b5bb8e2165ce275d4d43476dd2700ad9091db6dc"
  integrity sha512-tsaTIkKW9b4N+AEj+SVA+WhJzV7/zMhcSu78mLKWSk7cXMOSHsBKFWUs0fWwq8QyK3MgJBQRX6Gbi4kYbdvGkQ==
  dependencies:
    emoji-regex "^10.3.0"
    get-east-asian-width "^1.0.0"
    strip-ansi "^7.1.0"

strip-ansi@^6.0.0, strip-ansi@^6.0.1:
  version "6.0.1"
  resolved "https://registry.yarnpkg.com/strip-ansi/-/strip-ansi-6.0.1.tgz#9e26c63d30f53443e9489495b2105d37b67a85d9"
  integrity sha512-Y38VPSHcqkFrCpFnQ9vuSXmquuv5oXOKpGeT6aGrr3o3Gc9AlVa6JBfUSOCnbxGGZF+/0ooI7KrPuUSztUdU5A==
  dependencies:
    ansi-regex "^5.0.1"

strip-ansi@^7.1.0:
  version "7.1.0"
  resolved "https://registry.yarnpkg.com/strip-ansi/-/strip-ansi-7.1.0.tgz#d5b6568ca689d8561370b0707685d22434faff45"
  integrity sha512-iq6eVVI64nQQTRYq2KtEg2d2uU7LElhTJwsH4YzIHZshxlgZms/wIc4VoDQTlG/IvVIrBKG06CrZnp0qv7hkcQ==
  dependencies:
    ansi-regex "^6.0.1"

styled-components@^6.1.1:
  version "6.1.15"
  resolved "https://registry.yarnpkg.com/styled-components/-/styled-components-6.1.15.tgz#7651904d5424d08c1046056eb39024cc23c72ab7"
  integrity sha512-PpOTEztW87Ua2xbmLa7yssjNyUF9vE7wdldRfn1I2E6RTkqknkBYpj771OxM/xrvRGinLy2oysa7GOd7NcZZIA==
  dependencies:
    "@emotion/is-prop-valid" "1.2.2"
    "@emotion/unitless" "0.8.1"
    "@types/stylis" "4.2.5"
    css-to-react-native "3.2.0"
    csstype "3.1.3"
    postcss "8.4.49"
    shallowequal "1.1.0"
    stylis "4.3.2"
    tslib "2.6.2"

stylis@4.3.2:
  version "4.3.2"
  resolved "https://registry.yarnpkg.com/stylis/-/stylis-4.3.2.tgz#8f76b70777dd53eb669c6f58c997bf0a9972e444"
  integrity sha512-bhtUjWd/z6ltJiQwg0dUfxEJ+W+jdqQd8TbWLWyeIJHlnsqmGLRFFd8e5mA0AZi/zx90smXRlN66YMTcaSFifg==

toggle-selection@^1.0.6:
  version "1.0.6"
  resolved "https://registry.yarnpkg.com/toggle-selection/-/toggle-selection-1.0.6.tgz#6e45b1263f2017fa0acc7d89d78b15b8bf77da32"
  integrity sha512-BiZS+C1OS8g/q2RRbJmy59xpyghNBqrr6k5L/uKBGRsTfxmu3ffiRnd8mlGPUVayg8pvfi5urfnu8TU7DVOkLQ==

tslib@2.6.2:
  version "2.6.2"
  resolved "https://registry.yarnpkg.com/tslib/-/tslib-2.6.2.tgz#703ac29425e7b37cd6fd456e92404d46d1f3e4ae"
  integrity sha512-AEYxH93jGFPn/a2iVAwW87VuUIkR1FVUKB77NwMF7nBTDkDrrT/Hpt/IrCJ0QXhW27jTBDcf5ZY7w6RiqTMw2Q==

tslib@^2.8.0, tslib@^2.8.1:
  version "2.8.1"
  resolved "https://registry.yarnpkg.com/tslib/-/tslib-2.8.1.tgz#612efe4ed235d567e8aba5f2a5fab70280ade83f"
  integrity sha512-oJFu94HQb+KVduSUQL7wnpmqnfmLsOA/nAh6b6EH0wCEoK0/mPeXU6c3wKDV83MkOuHPRHtSXKKU99IBazS/2w==

typescript@^5.2.2:
  version "5.7.3"
  resolved "https://registry.yarnpkg.com/typescript/-/typescript-5.7.3.tgz#919b44a7dbb8583a9b856d162be24a54bf80073e"
  integrity sha512-84MVSjMEHP+FQRPy3pX9sTVV/INIex71s9TL2Gm5FG/WG1SqXeKyZ0k7/blY/4FdOzI12CBy1vGc4og/eus0fw==

uglify-js@^3.1.4:
  version "3.19.3"
  resolved "https://registry.yarnpkg.com/uglify-js/-/uglify-js-3.19.3.tgz#82315e9bbc6f2b25888858acd1fff8441035b77f"
  integrity sha512-v3Xu+yuwBXisp6QYTcH4UbH+xYJXqnq2m/LtQVWKWzYc1iehYnLixoQDN9FH6/j9/oybfd6W9Ghwkl8+UMKTKQ==

undici-types@~6.20.0:
  version "6.20.0"
  resolved "https://registry.yarnpkg.com/undici-types/-/undici-types-6.20.0.tgz#8171bf22c1f588d1554d55bf204bc624af388433"
  integrity sha512-Ny6QZ2Nju20vw1SRHe3d9jVu6gJ+4e3+MMpqu7pqE5HT6WsTSlce++GQmK5UXS8mzV8DSYHrQH+Xrf2jVcuKNg==

wordwrap@^1.0.0:
  version "1.0.0"
  resolved "https://registry.yarnpkg.com/wordwrap/-/wordwrap-1.0.0.tgz#27584810891456a4171c8d0226441ade90cbcaeb"
  integrity sha512-gvVzJFlPycKc5dZN4yPkP8w7Dc37BtP1yczEneOb4uq34pXZcvrtRTmWV8W+Ume+XCxKgbjM+nevkyFPMybd4Q==

wrap-ansi@^7.0.0:
  version "7.0.0"
  resolved "https://registry.yarnpkg.com/wrap-ansi/-/wrap-ansi-7.0.0.tgz#67e145cff510a6a6984bdf1152911d69d2eb9e43"
  integrity sha512-YVGIj2kamLSTxw6NsZjoBxfSwsn0ycdesmc4p+Q21c5zPuZ1pl+NfxVdxPtdHvmNVOQ6XSYG4AUtyt/Fi7D16Q==
  dependencies:
    ansi-styles "^4.0.0"
    string-width "^4.1.0"
    strip-ansi "^6.0.0"

ws@^8.18.0:
  version "8.18.0"
  resolved "https://registry.yarnpkg.com/ws/-/ws-8.18.0.tgz#0d7505a6eafe2b0e712d232b42279f53bc289bbc"
  integrity sha512-8VbfWfHLbbwu3+N6OKsOMpBdT4kXPDDB9cJk2bJ6mh9ucxdlnNvH1e+roYkKmN9Nxw2yjz7VzeO9oOz2zJ04Pw==

y18n@^5.0.5:
  version "5.0.8"
  resolved "https://registry.yarnpkg.com/y18n/-/y18n-5.0.8.tgz#7f4934d0f7ca8c56f95314939ddcd2dd91ce1d55"
  integrity sha512-0pfFzegeDWJHJIAmTLRP2DwHjdF5s7jo9tuztdQxAhINCdvS+3nGINqPd00AphqJR/0LhANUS6/+7SCb98YOfA==

yargs-parser@^21.1.1:
  version "21.1.1"
  resolved "https://registry.yarnpkg.com/yargs-parser/-/yargs-parser-21.1.1.tgz#9096bceebf990d21bb31fa9516e0ede294a77d35"
  integrity sha512-tVpsJW7DdjecAiFpbIB1e3qxIQsE6NoPc5/eTdrbbIC4h0LVsWhnoa3g+m2HclBIujHzsxZ4VJVA+GUuc2/LBw==

yargs@^17.7.2:
  version "17.7.2"
  resolved "https://registry.yarnpkg.com/yargs/-/yargs-17.7.2.tgz#991df39aca675a192b816e1e0363f9d75d2aa269"
  integrity sha512-7dSzzRQ++CKnNI/krKnYRV7JKKPUXMEh61soaHKg9mrWEhzFWhFnxPxGl+69cD1Ou63C13NUPCnmIcrvqCuM6w==
  dependencies:
    cliui "^8.0.1"
    escalade "^3.1.1"
    get-caller-file "^2.0.5"
    require-directory "^2.1.1"
    string-width "^4.2.3"
    y18n "^5.0.5"
    yargs-parser "^21.1.1"
